# This file is automatically @generated by Cargo.
# It is not intended for manual editing.
version = 4

[[package]]
name = "kernel-core"
version = "0.1.0"

[[package]]
name = "lifecycle"
version = "0.1.0"
dependencies = [
 "memory",
 "observe",
 "scheduler",
 "sensory-bridge",
]

[[package]]
name = "memory"
version = "0.1.0"

[[package]]
name = "observe"
version = "0.1.0"

[[package]]
name = "scheduler"
version = "0.1.0"

[[package]]
name = "security"
version = "0.1.0"

[[package]]
name = "sensory-bridge"
version = "0.1.0"

[[package]]
name = "toolbus"
version = "0.1.0"
