# This file is automatically @generated by Cargo.
# It is not intended for manual editing.
version = 4

[[package]]
name = "anima-self"
version = "0.1.0"

[[package]]
name = "corpus"
version = "0.1.0"

[[package]]
name = "hosted"
version = "0.1.0"
dependencies = [
 "interoception",
 "memory",
 "scheduler",
 "senses",
 "vita",
]

[[package]]
name = "interoception"
version = "0.1.0"

[[package]]
name = "memory"
version = "0.1.0"

[[package]]
name = "praxis"
version = "0.1.0"

[[package]]
name = "scheduler"
version = "0.1.0"

[[package]]
name = "senses"
version = "0.1.0"

[[package]]
name = "vita"
version = "0.1.0"
dependencies = [
 "interoception",
 "memory",
 "scheduler",
 "senses",
]
